// !$*UTF8*$!
{
	archiveVersion = 1;
	classes = {
	};
	objectVersion = 56;
	objects = {

/* Begin PBXBuildFile section */
		8506BDBB2BEA9539002F2DC1 /* ContactCardView.swift in Sources */ = {isa = PBXBuildFile; fileRef = 8506BDBA2BEA9539002F2DC1 /* ContactCardView.swift */; };
		8506BDBD2BEA95A8002F2DC1 /* MainVideoPlayerView.swift in Sources */ = {isa = PBXBuildFile; fileRef = 8506BDBC2BEA95A8002F2DC1 /* MainVideoPlayerView.swift */; };
		8515B1EA2BD2D36D00A7AD8A /* MessengerApp.swift in Sources */ = {isa = PBXBuildFile; fileRef = 8515B1E92BD2D36D00A7AD8A /* MessengerApp.swift */; };
		8515B1EE2BD2D36F00A7AD8A /* Assets.xcassets in Resources */ = {isa = PBXBuildFile; fileRef = 8515B1ED2BD2D36F00A7AD8A /* Assets.xcassets */; };
		8515B1F12BD2D36F00A7AD8A /* Preview Assets.xcassets in Resources */ = {isa = PBXBuildFile; fileRef = 8515B1F02BD2D36F00A7AD8A /* Preview Assets.xcassets */; };
		853CC70C2BE1511F00B88C89 /* PhoneNumberView.swift in Sources */ = {isa = PBXBuildFile; fileRef = 853CC70B2BE1511F00B88C89 /* PhoneNumberView.swift */; };
		85CBD6592BF2415B00FC7B91 /* Foo.swift in Sources */ = {isa = PBXBuildFile; fileRef = 85CBD6582BF2415B00FC7B91 /* Foo.swift */; };
		85FC07CB2BE93B3100576055 /* CodeView.swift in Sources */ = {isa = PBXBuildFile; fileRef = 85FC07CA2BE93B3100576055 /* CodeView.swift */; };
		85FC07CD2BE9424400576055 /* MainChatsView.swift in Sources */ = {isa = PBXBuildFile; fileRef = 85FC07CC2BE9424400576055 /* MainChatsView.swift */; };
		85FC07CF2BE94DC700576055 /* Registration.swift in Sources */ = {isa = PBXBuildFile; fileRef = 85FC07CE2BE94DC700576055 /* Registration.swift */; };
		85FC07D52BEA56C700576055 /* FlowDisambiguation.swift in Sources */ = {isa = PBXBuildFile; fileRef = 85FC07D42BEA56C700576055 /* FlowDisambiguation.swift */; };
		C479FE602BEA7479005145CA /* PhoneNumberField.swift in Sources */ = {isa = PBXBuildFile; fileRef = C479FE5F2BEA7478005145CA /* PhoneNumberField.swift */; };
/* End PBXBuildFile section */

/* Begin PBXFileReference section */
		8506BDBA2BEA9539002F2DC1 /* ContactCardView.swift */ = {isa = PBXFileReference; lastKnownFileType = sourcecode.swift; path = ContactCardView.swift; sourceTree = "<group>"; };
		8506BDBC2BEA95A8002F2DC1 /* MainVideoPlayerView.swift */ = {isa = PBXFileReference; lastKnownFileType = sourcecode.swift; path = MainVideoPlayerView.swift; sourceTree = "<group>"; };
		8515B1E62BD2D36D00A7AD8A /* MessengerClient.app */ = {isa = PBXFileReference; explicitFileType = wrapper.application; includeInIndex = 0; path = MessengerClient.app; sourceTree = BUILT_PRODUCTS_DIR; };
		8515B1E92BD2D36D00A7AD8A /* MessengerApp.swift */ = {isa = PBXFileReference; lastKnownFileType = sourcecode.swift; path = MessengerApp.swift; sourceTree = "<group>"; };
		8515B1ED2BD2D36F00A7AD8A /* Assets.xcassets */ = {isa = PBXFileReference; lastKnownFileType = folder.assetcatalog; path = Assets.xcassets; sourceTree = "<group>"; };
		8515B1F02BD2D36F00A7AD8A /* Preview Assets.xcassets */ = {isa = PBXFileReference; lastKnownFileType = folder.assetcatalog; path = "Preview Assets.xcassets"; sourceTree = "<group>"; };
		853CC70B2BE1511F00B88C89 /* PhoneNumberView.swift */ = {isa = PBXFileReference; lastKnownFileType = sourcecode.swift; path = PhoneNumberView.swift; sourceTree = "<group>"; };
		85CBD6582BF2415B00FC7B91 /* Foo.swift */ = {isa = PBXFileReference; lastKnownFileType = sourcecode.swift; path = Foo.swift; sourceTree = "<group>"; };
		85FC07CA2BE93B3100576055 /* CodeView.swift */ = {isa = PBXFileReference; lastKnownFileType = sourcecode.swift; path = CodeView.swift; sourceTree = "<group>"; };
		85FC07CC2BE9424400576055 /* MainChatsView.swift */ = {isa = PBXFileReference; lastKnownFileType = sourcecode.swift; path = MainChatsView.swift; sourceTree = "<group>"; };
		85FC07CE2BE94DC700576055 /* Registration.swift */ = {isa = PBXFileReference; lastKnownFileType = sourcecode.swift; path = Registration.swift; sourceTree = "<group>"; };
		85FC07D42BEA56C700576055 /* FlowDisambiguation.swift */ = {isa = PBXFileReference; lastKnownFileType = sourcecode.swift; path = FlowDisambiguation.swift; sourceTree = "<group>"; };
		C479FE5F2BEA7478005145CA /* PhoneNumberField.swift */ = {isa = PBXFileReference; lastKnownFileType = sourcecode.swift; path = PhoneNumberField.swift; sourceTree = "<group>"; };
/* End PBXFileReference section */

/* Begin PBXFrameworksBuildPhase section */
		8515B1E32BD2D36D00A7AD8A /* Frameworks */ = {
			isa = PBXFrameworksBuildPhase;
			buildActionMask = 2147483647;
			files = (
			);
			runOnlyForDeploymentPostprocessing = 0;
		};
/* End PBXFrameworksBuildPhase section */

/* Begin PBXGroup section */
		8515B1DD2BD2D36D00A7AD8A = {
			isa = PBXGroup;
			children = (
				8515B1F72BD2D39A00A7AD8A /* Core */,
				8515B1E92BD2D36D00A7AD8A /* MessengerApp.swift */,
				8515B1ED2BD2D36F00A7AD8A /* Assets.xcassets */,
				85FC07D02BE96C0800576055 /* Preview Content */,
				8515B1E72BD2D36D00A7AD8A /* Products */,
			);
			sourceTree = "<group>";
		};
		8515B1E72BD2D36D00A7AD8A /* Products */ = {
			isa = PBXGroup;
			children = (
				8515B1E62BD2D36D00A7AD8A /* MessengerClient.app */,
			);
			name = Products;
			sourceTree = "<group>";
		};
		8515B1F72BD2D39A00A7AD8A /* Core */ = {
			isa = PBXGroup;
			children = (
				85FC07D42BEA56C700576055 /* FlowDisambiguation.swift */,
				85CBD6572BF23FE500FC7B91 /* Main */,
				8515B2272BE14E7700A7AD8A /* Login */,
			);
			path = Core;
			sourceTree = "<group>";
		};
		8515B2272BE14E7700A7AD8A /* Login */ = {
			isa = PBXGroup;
			children = (
				853CC70B2BE1511F00B88C89 /* PhoneNumberView.swift */,
				C479FE5F2BEA7478005145CA /* PhoneNumberField.swift */,
				85FC07CA2BE93B3100576055 /* CodeView.swift */,
				85FC07CE2BE94DC700576055 /* Registration.swift */,
			);
			path = Login;
			sourceTree = "<group>";
		};
		85CBD6572BF23FE500FC7B91 /* Main */ = {
			isa = PBXGroup;
			children = (
				8506BDBA2BEA9539002F2DC1 /* ContactCardView.swift */,
				8506BDBC2BEA95A8002F2DC1 /* MainVideoPlayerView.swift */,
				85FC07CC2BE9424400576055 /* MainChatsView.swift */,
				85CBD6582BF2415B00FC7B91 /* Foo.swift */,
			);
			path = Main;
			sourceTree = "<group>";
		};
		85FC07D02BE96C0800576055 /* Preview Content */ = {
			isa = PBXGroup;
			children = (
				8515B1F02BD2D36F00A7AD8A /* Preview Assets.xcassets */,
			);
			path = "Preview Content";
			sourceTree = "<group>";
		};
/* End PBXGroup section */

/* Begin PBXNativeTarget section */
		8515B1E52BD2D36D00A7AD8A /* MessengerClient */ = {
			isa = PBXNativeTarget;
			buildConfigurationList = 8515B1F42BD2D36F00A7AD8A /* Build configuration list for PBXNativeTarget "MessengerClient" */;
			buildPhases = (
				8515B1E22BD2D36D00A7AD8A /* Sources */,
				8515B1E32BD2D36D00A7AD8A /* Frameworks */,
				8515B1E42BD2D36D00A7AD8A /* Resources */,
			);
			buildRules = (
			);
			dependencies = (
			);
			name = MessengerClient;
			packageProductDependencies = (
			);
			productName = Messenger;
			productReference = 8515B1E62BD2D36D00A7AD8A /* MessengerClient.app */;
			productType = "com.apple.product-type.application";
		};
/* End PBXNativeTarget section */

/* Begin PBXProject section */
		8515B1DE2BD2D36D00A7AD8A /* Project object */ = {
			isa = PBXProject;
			attributes = {
				BuildIndependentTargetsInParallel = 1;
				LastSwiftUpdateCheck = 1530;
				LastUpgradeCheck = 1530;
				TargetAttributes = {
					8515B1E52BD2D36D00A7AD8A = {
						CreatedOnToolsVersion = 15.3;
					};
				};
			};
			buildConfigurationList = 8515B1E12BD2D36D00A7AD8A /* Build configuration list for PBXProject "MessengerClient" */;
			compatibilityVersion = "Xcode 14.0";
			developmentRegion = en;
			hasScannedForEncodings = 0;
			knownRegions = (
				en,
				Base,
			);
			mainGroup = 8515B1DD2BD2D36D00A7AD8A;
			packageReferences = (
				85FC07D12BE96CCC00576055 /* XCRemoteSwiftPackageReference "swift-algorithms" */,
			);
			productRefGroup = 8515B1E72BD2D36D00A7AD8A /* Products */;
			projectDirPath = "";
			projectRoot = "";
			targets = (
				8515B1E52BD2D36D00A7AD8A /* MessengerClient */,
			);
		};
/* End PBXProject section */

/* Begin PBXResourcesBuildPhase section */
		8515B1E42BD2D36D00A7AD8A /* Resources */ = {
			isa = PBXResourcesBuildPhase;
			buildActionMask = 2147483647;
			files = (
				8515B1F12BD2D36F00A7AD8A /* Preview Assets.xcassets in Resources */,
				8515B1EE2BD2D36F00A7AD8A /* Assets.xcassets in Resources */,
			);
			runOnlyForDeploymentPostprocessing = 0;
		};
/* End PBXResourcesBuildPhase section */

/* Begin PBXSourcesBuildPhase section */
		8515B1E22BD2D36D00A7AD8A /* Sources */ = {
			isa = PBXSourcesBuildPhase;
			buildActionMask = 2147483647;
			files = (
				8506BDBD2BEA95A8002F2DC1 /* MainVideoPlayerView.swift in Sources */,
				8506BDBB2BEA9539002F2DC1 /* ContactCardView.swift in Sources */,
				85CBD6592BF2415B00FC7B91 /* Foo.swift in Sources */,
				85FC07CD2BE9424400576055 /* MainChatsView.swift in Sources */,
				853CC70C2BE1511F00B88C89 /* PhoneNumberView.swift in Sources */,
				C479FE602BEA7479005145CA /* PhoneNumberField.swift in Sources */,
				85FC07D52BEA56C700576055 /* FlowDisambiguation.swift in Sources */,
				8515B1EA2BD2D36D00A7AD8A /* MessengerApp.swift in Sources */,
				85FC07CF2BE94DC700576055 /* Registration.swift in Sources */,
				85FC07CB2BE93B3100576055 /* CodeView.swift in Sources */,
			);
			runOnlyForDeploymentPostprocessing = 0;
		};
/* End PBXSourcesBuildPhase section */

/* Begin XCBuildConfiguration section */
		8515B1F22BD2D36F00A7AD8A /* Debug */ = {
			isa = XCBuildConfiguration;
			buildSettings = {
				ALWAYS_SEARCH_USER_PATHS = NO;
				ASSETCATALOG_COMPILER_GENERATE_SWIFT_ASSET_SYMBOL_EXTENSIONS = YES;
				CLANG_ANALYZER_NONNULL = YES;
				CLANG_ANALYZER_NUMBER_OBJECT_CONVERSION = YES_AGGRESSIVE;
				CLANG_CXX_LANGUAGE_STANDARD = "gnu++20";
				CLANG_ENABLE_MODULES = YES;
				CLANG_ENABLE_OBJC_ARC = YES;
				CLANG_ENABLE_OBJC_WEAK = YES;
				CLANG_WARN_BLOCK_CAPTURE_AUTORELEASING = YES;
				CLANG_WARN_BOOL_CONVERSION = YES;
				CLANG_WARN_COMMA = YES;
				CLANG_WARN_CONSTANT_CONVERSION = YES;
				CLANG_WARN_DEPRECATED_OBJC_IMPLEMENTATIONS = YES;
				CLANG_WARN_DIRECT_OBJC_ISA_USAGE = YES_ERROR;
				CLANG_WARN_DOCUMENTATION_COMMENTS = YES;
				CLANG_WARN_EMPTY_BODY = YES;
				CLANG_WARN_ENUM_CONVERSION = YES;
				CLANG_WARN_INFINITE_RECURSION = YES;
				CLANG_WARN_INT_CONVERSION = YES;
				CLANG_WARN_NON_LITERAL_NULL_CONVERSION = YES;
				CLANG_WARN_OBJC_IMPLICIT_RETAIN_SELF = YES;
				CLANG_WARN_OBJC_LITERAL_CONVERSION = YES;
				CLANG_WARN_OBJC_ROOT_CLASS = YES_ERROR;
				CLANG_WARN_QUOTED_INCLUDE_IN_FRAMEWORK_HEADER = YES;
				CLANG_WARN_RANGE_LOOP_ANALYSIS = YES;
				CLANG_WARN_STRICT_PROTOTYPES = YES;
				CLANG_WARN_SUSPICIOUS_MOVE = YES;
				CLANG_WARN_UNGUARDED_AVAILABILITY = YES_AGGRESSIVE;
				CLANG_WARN_UNREACHABLE_CODE = YES;
				CLANG_WARN__DUPLICATE_METHOD_MATCH = YES;
				COPY_PHASE_STRIP = NO;
				DEBUG_INFORMATION_FORMAT = dwarf;
				ENABLE_STRICT_OBJC_MSGSEND = YES;
				ENABLE_TESTABILITY = YES;
				ENABLE_USER_SCRIPT_SANDBOXING = YES;
				GCC_C_LANGUAGE_STANDARD = gnu17;
				GCC_DYNAMIC_NO_PIC = NO;
				GCC_NO_COMMON_BLOCKS = YES;
				GCC_OPTIMIZATION_LEVEL = 0;
				GCC_PREPROCESSOR_DEFINITIONS = (
					"DEBUG=1",
					"$(inherited)",
				);
				GCC_WARN_64_TO_32_BIT_CONVERSION = YES;
				GCC_WARN_ABOUT_RETURN_TYPE = YES_ERROR;
				GCC_WARN_UNDECLARED_SELECTOR = YES;
				GCC_WARN_UNINITIALIZED_AUTOS = YES_AGGRESSIVE;
				GCC_WARN_UNUSED_FUNCTION = YES;
				GCC_WARN_UNUSED_VARIABLE = YES;
				IPHONEOS_DEPLOYMENT_TARGET = 17.4;
				LOCALIZATION_PREFERS_STRING_CATALOGS = YES;
				MTL_ENABLE_DEBUG_INFO = INCLUDE_SOURCE;
				MTL_FAST_MATH = YES;
				ONLY_ACTIVE_ARCH = YES;
				SDKROOT = iphoneos;
				SWIFT_ACTIVE_COMPILATION_CONDITIONS = "DEBUG $(inherited)";
				SWIFT_OPTIMIZATION_LEVEL = "-Onone";
			};
			name = Debug;
		};
		8515B1F32BD2D36F00A7AD8A /* Release */ = {
			isa = XCBuildConfiguration;
			buildSettings = {
				ALWAYS_SEARCH_USER_PATHS = NO;
				ASSETCATALOG_COMPILER_GENERATE_SWIFT_ASSET_SYMBOL_EXTENSIONS = YES;
				CLANG_ANALYZER_NONNULL = YES;
				CLANG_ANALYZER_NUMBER_OBJECT_CONVERSION = YES_AGGRESSIVE;
				CLANG_CXX_LANGUAGE_STANDARD = "gnu++20";
				CLANG_ENABLE_MODULES = YES;
				CLANG_ENABLE_OBJC_ARC = YES;
				CLANG_ENABLE_OBJC_WEAK = YES;
				CLANG_WARN_BLOCK_CAPTURE_AUTORELEASING = YES;
				CLANG_WARN_BOOL_CONVERSION = YES;
				CLANG_WARN_COMMA = YES;
				CLANG_WARN_CONSTANT_CONVERSION = YES;
				CLANG_WARN_DEPRECATED_OBJC_IMPLEMENTATIONS = YES;
				CLANG_WARN_DIRECT_OBJC_ISA_USAGE = YES_ERROR;
				CLANG_WARN_DOCUMENTATION_COMMENTS = YES;
				CLANG_WARN_EMPTY_BODY = YES;
				CLANG_WARN_ENUM_CONVERSION = YES;
				CLANG_WARN_INFINITE_RECURSION = YES;
				CLANG_WARN_INT_CONVERSION = YES;
				CLANG_WARN_NON_LITERAL_NULL_CONVERSION = YES;
				CLANG_WARN_OBJC_IMPLICIT_RETAIN_SELF = YES;
				CLANG_WARN_OBJC_LITERAL_CONVERSION = YES;
				CLANG_WARN_OBJC_ROOT_CLASS = YES_ERROR;
				CLANG_WARN_QUOTED_INCLUDE_IN_FRAMEWORK_HEADER = YES;
				CLANG_WARN_RANGE_LOOP_ANALYSIS = YES;
				CLANG_WARN_STRICT_PROTOTYPES = YES;
				CLANG_WARN_SUSPICIOUS_MOVE = YES;
				CLANG_WARN_UNGUARDED_AVAILABILITY = YES_AGGRESSIVE;
				CLANG_WARN_UNREACHABLE_CODE = YES;
				CLANG_WARN__DUPLICATE_METHOD_MATCH = YES;
				COPY_PHASE_STRIP = NO;
				DEBUG_INFORMATION_FORMAT = "dwarf-with-dsym";
				ENABLE_NS_ASSERTIONS = NO;
				ENABLE_STRICT_OBJC_MSGSEND = YES;
				ENABLE_USER_SCRIPT_SANDBOXING = YES;
				GCC_C_LANGUAGE_STANDARD = gnu17;
				GCC_NO_COMMON_BLOCKS = YES;
				GCC_WARN_64_TO_32_BIT_CONVERSION = YES;
				GCC_WARN_ABOUT_RETURN_TYPE = YES_ERROR;
				GCC_WARN_UNDECLARED_SELECTOR = YES;
				GCC_WARN_UNINITIALIZED_AUTOS = YES_AGGRESSIVE;
				GCC_WARN_UNUSED_FUNCTION = YES;
				GCC_WARN_UNUSED_VARIABLE = YES;
				IPHONEOS_DEPLOYMENT_TARGET = 17.4;
				LOCALIZATION_PREFERS_STRING_CATALOGS = YES;
				MTL_ENABLE_DEBUG_INFO = NO;
				MTL_FAST_MATH = YES;
				SDKROOT = iphoneos;
				SWIFT_COMPILATION_MODE = wholemodule;
				VALIDATE_PRODUCT = YES;
			};
			name = Release;
		};
		8515B1F52BD2D36F00A7AD8A /* Debug */ = {
			isa = XCBuildConfiguration;
			buildSettings = {
				ASSETCATALOG_COMPILER_APPICON_NAME = AppIcon;
				ASSETCATALOG_COMPILER_GLOBAL_ACCENT_COLOR_NAME = AccentColor;
				CODE_SIGN_STYLE = Automatic;
				CURRENT_PROJECT_VERSION = 1;
				DEVELOPMENT_ASSET_PATHS = "Preview\\ Content";
				DEVELOPMENT_TEAM = 7M43KV3PJP;
				ENABLE_PREVIEWS = YES;
				GENERATE_INFOPLIST_FILE = YES;
				INFOPLIST_KEY_UIApplicationSceneManifest_Generation = YES;
				INFOPLIST_KEY_UIApplicationSupportsIndirectInputEvents = YES;
				INFOPLIST_KEY_UILaunchScreen_Generation = YES;
				INFOPLIST_KEY_UISupportedInterfaceOrientations_iPad = "UIInterfaceOrientationPortrait UIInterfaceOrientationPortraitUpsideDown UIInterfaceOrientationLandscapeLeft UIInterfaceOrientationLandscapeRight";
				INFOPLIST_KEY_UISupportedInterfaceOrientations_iPhone = "UIInterfaceOrientationPortrait UIInterfaceOrientationLandscapeLeft UIInterfaceOrientationLandscapeRight";
				IPHONEOS_DEPLOYMENT_TARGET = 17.0;
				LD_RUNPATH_SEARCH_PATHS = (
					"$(inherited)",
					"@executable_path/Frameworks",
				);
				MARKETING_VERSION = 1.0;
				PRODUCT_BUNDLE_IDENTIFIER = my.Video.Messenger;
				PRODUCT_NAME = "$(TARGET_NAME)";
				SWIFT_EMIT_LOC_STRINGS = YES;
				SWIFT_VERSION = 5.0;
				TARGETED_DEVICE_FAMILY = "1,2";
			};
			name = Debug;
		};
		8515B1F62BD2D36F00A7AD8A /* Release */ = {
			isa = XCBuildConfiguration;
			buildSettings = {
				ASSETCATALOG_COMPILER_APPICON_NAME = AppIcon;
				ASSETCATALOG_COMPILER_GLOBAL_ACCENT_COLOR_NAME = AccentColor;
				CODE_SIGN_STYLE = Automatic;
				CURRENT_PROJECT_VERSION = 1;
				DEVELOPMENT_ASSET_PATHS = "Preview\\ Content";
				DEVELOPMENT_TEAM = 7M43KV3PJP;
				ENABLE_PREVIEWS = YES;
				GENERATE_INFOPLIST_FILE = YES;
				INFOPLIST_KEY_UIApplicationSceneManifest_Generation = YES;
				INFOPLIST_KEY_UIApplicationSupportsIndirectInputEvents = YES;
				INFOPLIST_KEY_UILaunchScreen_Generation = YES;
				INFOPLIST_KEY_UISupportedInterfaceOrientations_iPad = "UIInterfaceOrientationPortrait UIInterfaceOrientationPortraitUpsideDown UIInterfaceOrientationLandscapeLeft UIInterfaceOrientationLandscapeRight";
				INFOPLIST_KEY_UISupportedInterfaceOrientations_iPhone = "UIInterfaceOrientationPortrait UIInterfaceOrientationLandscapeLeft UIInterfaceOrientationLandscapeRight";
				IPHONEOS_DEPLOYMENT_TARGET = 17.0;
				LD_RUNPATH_SEARCH_PATHS = (
					"$(inherited)",
					"@executable_path/Frameworks",
				);
				MARKETING_VERSION = 1.0;
				PRODUCT_BUNDLE_IDENTIFIER = my.Video.Messenger;
				PRODUCT_NAME = "$(TARGET_NAME)";
				SWIFT_EMIT_LOC_STRINGS = YES;
				SWIFT_VERSION = 5.0;
				TARGETED_DEVICE_FAMILY = "1,2";
			};
			name = Release;
		};
/* End XCBuildConfiguration section */

/* Begin XCConfigurationList section */
		8515B1E12BD2D36D00A7AD8A /* Build configuration list for PBXProject "MessengerClient" */ = {
			isa = XCConfigurationList;
			buildConfigurations = (
				8515B1F22BD2D36F00A7AD8A /* Debug */,
				8515B1F32BD2D36F00A7AD8A /* Release */,
			);
			defaultConfigurationIsVisible = 0;
			defaultConfigurationName = Release;
		};
		8515B1F42BD2D36F00A7AD8A /* Build configuration list for PBXNativeTarget "MessengerClient" */ = {
			isa = XCConfigurationList;
			buildConfigurations = (
				8515B1F52BD2D36F00A7AD8A /* Debug */,
				8515B1F62BD2D36F00A7AD8A /* Release */,
			);
			defaultConfigurationIsVisible = 0;
			defaultConfigurationName = Release;
		};
/* End XCConfigurationList section */

/* Begin XCRemoteSwiftPackageReference section */
		85FC07D12BE96CCC00576055 /* XCRemoteSwiftPackageReference "swift-algorithms" */ = {
			isa = XCRemoteSwiftPackageReference;
			repositoryURL = "https://github.com/apple/swift-algorithms.git";
			requirement = {
				kind = upToNextMajorVersion;
				minimumVersion = 1.2.0;
			};
		};
/* End XCRemoteSwiftPackageReference section */
	};
	rootObject = 8515B1DE2BD2D36D00A7AD8A /* Project object */;
}
